
Microsoft Visual Studio Solution File, Format Version 12.00
# Visual Studio Version 17
VisualStudioVersion = 17.6.33829.357
MinimumVisualStudioVersion = 10.0.40219.1
Project("{9A19103F-16F7-4668-BE54-9A1E7A4F7556}") = "Library_BlazorUI_Group_A_R53", "Library_BlazorUI_Group_A_R53\Library_BlazorUI_Group_A_R53.csproj", "{74E60AAC-60EE-4A83-AC9F-4DE25EA73075}"
EndProject
Global
	GlobalSection(SolutionConfigurationPlatforms) = preSolution
		Debug|Any CPU = Debug|Any CPU
		Release|Any CPU = Release|Any CPU
	EndGlobalSection
	GlobalSection(ProjectConfigurationPlatforms) = postSolution
		{74E60AAC-60EE-4A83-AC9F-4DE25EA73075}.Debug|Any CPU.ActiveCfg = Debug|Any CPU
		{74E60AAC-60EE-4A83-AC9F-4DE25EA73075}.Debug|Any CPU.Build.0 = Debug|Any CPU
		{74E60AAC-60EE-4A83-AC9F-4DE25EA73075}.Release|Any CPU.ActiveCfg = Release|Any CPU
		{74E60AAC-60EE-4A83-AC9F-4DE25EA73075}.Release|Any CPU.Build.0 = Release|Any CPU
	EndGlobalSection
	GlobalSection(SolutionProperties) = preSolution
		HideSolutionNode = FALSE
	EndGlobalSection
	GlobalSection(ExtensibilityGlobals) = postSolution
		SolutionGuid = {B63D59BF-70F1-41AA-BFC3-6C0B92B9471A}
	EndGlobalSection
EndGlobal
